{
  "requires": true,
  "lockfileVersion": 1,
  "dependencies": {
    "uuid": {
      "version": "3.3.3",
      "resolved": "https://registry.npmjs.org/uuid/-/uuid-3.3.3.tgz",
      "integrity": "sha512-pW0No1RGHgzlpHJO1nsVrHKpOEIxkGg1xB+v0ZmdNH5OAeAwzAVrCnI2/6Mtx+Uys6iaylxa+D3g4j63IKKjSQ=="
    },
    "uuidv4": {
      "version": "5.0.1",
      "resolved": "https://registry.npmjs.org/uuidv4/-/uuidv4-5.0.1.tgz",
      "integrity": "sha512-cN41lQQZ8ke/1WsvAFh0doSfYunVa8iSNkeBN+UjrmCQ93VFMKMCep5L0qJyr3qaO4htAuU7JTDENIwxC/Itdg==",
      "requires": {
        "uuid": "3.3.3"
      }
    }
  }
}
